
Microsoft Visual Studio Solution File, Format Version 12.00
# Visual Studio Version 16
VisualStudioVersion = 16.0.29326.143
MinimumVisualStudioVersion = 10.0.40219.1
Project("{9A19103F-16F7-4668-BE54-9A1E7A4F7556}") = "WebApplication1", "WebApplication1.csproj", "{2DF542A4-69DD-4E20-A231-92C3106DFEF7}"
EndProject
Project("{9A19103F-16F7-4668-BE54-9A1E7A4F7556}") = "WebApplication2", "..\WebApplication2\WebApplication2.csproj", "{03C3671E-BD6C-4D78-A178-BDE3A068527E}"
EndProject
Project("{9A19103F-16F7-4668-BE54-9A1E7A4F7556}") = "WebApplication3", "..\WebApplication3\WebApplication3.csproj", "{22A38BFC-388F-4EE1-844A-F9EB7A2D6149}"
EndProject
Project("{9A19103F-16F7-4668-BE54-9A1E7A4F7556}") = "WebApplication4", "..\WebApplication4\WebApplication4.csproj", "{F39F54D4-7D77-4C2C-B3E5-B14654A2D5B9}"
EndProject
Project("{9A19103F-16F7-4668-BE54-9A1E7A4F7556}") = "WebApplication5", "..\WebApplication5\WebApplication5.csproj", "{B563D1ED-8DB7-403A-AC10-C8C8603C08B2}"
EndProject
Project("{9A19103F-16F7-4668-BE54-9A1E7A4F7556}") = "WebApplication6", "..\WebApplication6\WebApplication6.csproj", "{5F112675-D1F5-4414-B26A-3687FAAD32D8}"
EndProject
Project("{9A19103F-16F7-4668-BE54-9A1E7A4F7556}") = "WebApplication7", "..\WebApplication7\WebApplication7.csproj", "{524B3F5E-9B28-49EB-9220-73875A72BAAE}"
EndProject
Project("{FAE04EC0-301F-11D3-BF4B-00C04F79EFBC}") = "WebApplication8", "..\WebApplication8\WebApplication8.csproj", "{9A197731-C51E-45E1-A51B-C6616065D04F}"
EndProject
Global
	GlobalSection(SolutionConfigurationPlatforms) = preSolution
		Debug|Any CPU = Debug|Any CPU
		Release|Any CPU = Release|Any CPU
	EndGlobalSection
	GlobalSection(ProjectConfigurationPlatforms) = postSolution
		{2DF542A4-69DD-4E20-A231-92C3106DFEF7}.Debug|Any CPU.ActiveCfg = Debug|Any CPU
		{2DF542A4-69DD-4E20-A231-92C3106DFEF7}.Debug|Any CPU.Build.0 = Debug|Any CPU
		{2DF542A4-69DD-4E20-A231-92C3106DFEF7}.Release|Any CPU.ActiveCfg = Release|Any CPU
		{2DF542A4-69DD-4E20-A231-92C3106DFEF7}.Release|Any CPU.Build.0 = Release|Any CPU
		{03C3671E-BD6C-4D78-A178-BDE3A068527E}.Debug|Any CPU.ActiveCfg = Debug|Any CPU
		{03C3671E-BD6C-4D78-A178-BDE3A068527E}.Debug|Any CPU.Build.0 = Debug|Any CPU
		{03C3671E-BD6C-4D78-A178-BDE3A068527E}.Release|Any CPU.ActiveCfg = Release|Any CPU
		{03C3671E-BD6C-4D78-A178-BDE3A068527E}.Release|Any CPU.Build.0 = Release|Any CPU
		{22A38BFC-388F-4EE1-844A-F9EB7A2D6149}.Debug|Any CPU.ActiveCfg = Debug|Any CPU
		{22A38BFC-388F-4EE1-844A-F9EB7A2D6149}.Debug|Any CPU.Build.0 = Debug|Any CPU
		{22A38BFC-388F-4EE1-844A-F9EB7A2D6149}.Release|Any CPU.ActiveCfg = Release|Any CPU
		{22A38BFC-388F-4EE1-844A-F9EB7A2D6149}.Release|Any CPU.Build.0 = Release|Any CPU
		{F39F54D4-7D77-4C2C-B3E5-B14654A2D5B9}.Debug|Any CPU.ActiveCfg = Debug|Any CPU
		{F39F54D4-7D77-4C2C-B3E5-B14654A2D5B9}.Debug|Any CPU.Build.0 = Debug|Any CPU
		{F39F54D4-7D77-4C2C-B3E5-B14654A2D5B9}.Release|Any CPU.ActiveCfg = Release|Any CPU
		{F39F54D4-7D77-4C2C-B3E5-B14654A2D5B9}.Release|Any CPU.Build.0 = Release|Any CPU
		{B563D1ED-8DB7-403A-AC10-C8C8603C08B2}.Debug|Any CPU.ActiveCfg = Debug|Any CPU
		{B563D1ED-8DB7-403A-AC10-C8C8603C08B2}.Debug|Any CPU.Build.0 = Debug|Any CPU
		{B563D1ED-8DB7-403A-AC10-C8C8603C08B2}.Release|Any CPU.ActiveCfg = Release|Any CPU
		{B563D1ED-8DB7-403A-AC10-C8C8603C08B2}.Release|Any CPU.Build.0 = Release|Any CPU
		{5F112675-D1F5-4414-B26A-3687FAAD32D8}.Debug|Any CPU.ActiveCfg = Debug|Any CPU
		{5F112675-D1F5-4414-B26A-3687FAAD32D8}.Debug|Any CPU.Build.0 = Debug|Any CPU
		{5F112675-D1F5-4414-B26A-3687FAAD32D8}.Release|Any CPU.ActiveCfg = Release|Any CPU
		{5F112675-D1F5-4414-B26A-3687FAAD32D8}.Release|Any CPU.Build.0 = Release|Any CPU
		{524B3F5E-9B28-49EB-9220-73875A72BAAE}.Debug|Any CPU.ActiveCfg = Debug|Any CPU
		{524B3F5E-9B28-49EB-9220-73875A72BAAE}.Debug|Any CPU.Build.0 = Debug|Any CPU
		{524B3F5E-9B28-49EB-9220-73875A72BAAE}.Release|Any CPU.ActiveCfg = Release|Any CPU
		{524B3F5E-9B28-49EB-9220-73875A72BAAE}.Release|Any CPU.Build.0 = Release|Any CPU
		{9A197731-C51E-45E1-A51B-C6616065D04F}.Debug|Any CPU.ActiveCfg = Debug|Any CPU
		{9A197731-C51E-45E1-A51B-C6616065D04F}.Debug|Any CPU.Build.0 = Debug|Any CPU
		{9A197731-C51E-45E1-A51B-C6616065D04F}.Release|Any CPU.ActiveCfg = Release|Any CPU
		{9A197731-C51E-45E1-A51B-C6616065D04F}.Release|Any CPU.Build.0 = Release|Any CPU
	EndGlobalSection
	GlobalSection(SolutionProperties) = preSolution
		HideSolutionNode = FALSE
	EndGlobalSection
	GlobalSection(ExtensibilityGlobals) = postSolution
		SolutionGuid = {BFC12183-23D9-4E2A-A9D9-70D2D1A13F8A}
	EndGlobalSection
EndGlobal
